// !$*UTF8*$!
{
	archiveVersion = 1;
	classes = {
	};
	objectVersion = 46;
	objects = {

/* Begin PBXBuildFile section */
		91284ED31E9BBCA10049F16B /* MediaPlayerViewController.m in Sources */ = {isa = PBXBuildFile; fileRef = 91284ED21E9BBCA10049F16B /* MediaPlayerViewController.m */; };
		91284ED61E9BC8B50049F16B /* MediaPlayerView.m in Sources */ = {isa = PBXBuildFile; fileRef = 91284ED51E9BC8B50049F16B /* MediaPlayerView.m */; };
		91284ED91E9BC9C80049F16B /* MediaPlayerOverlayView.m in Sources */ = {isa = PBXBuildFile; fileRef = 91284ED81E9BC9C80049F16B /* MediaPlayerOverlayView.m */; };
		91E7CA6A1E9A2A2200EFF2BF /* AppDelegate.m in Sources */ = {isa = PBXBuildFile; fileRef = 91E7CA561E9A2A2200EFF2BF /* AppDelegate.m */; };
		91E7CA6B1E9A2A2200EFF2BF /* Assets.xcassets in Resources */ = {isa = PBXBuildFile; fileRef = 91E7CA571E9A2A2200EFF2BF /* Assets.xcassets */; };
		91E7CA6C1E9A2A2200EFF2BF /* Info.plist in Resources */ = {isa = PBXBuildFile; fileRef = 91E7CA591E9A2A2200EFF2BF /* Info.plist */; };
		91E7CA6D1E9A2A2200EFF2BF /* main.m in Sources */ = {isa = PBXBuildFile; fileRef = 91E7CA5A1E9A2A2200EFF2BF /* main.m */; };
		91E7CA6E1E9A2A2200EFF2BF /* MultiMediaPlayer.xcdatamodeld in Sources */ = {isa = PBXBuildFile; fileRef = 91E7CA5B1E9A2A2200EFF2BF /* MultiMediaPlayer.xcdatamodeld */; };
		91E7CA6F1E9A2A2200EFF2BF /* MultiMediaPlayerViewController.m in Sources */ = {isa = PBXBuildFile; fileRef = 91E7CA5E1E9A2A2200EFF2BF /* MultiMediaPlayerViewController.m */; };
		91E7CA701E9A2A2200EFF2BF /* NavigationController.m in Sources */ = {isa = PBXBuildFile; fileRef = 91E7CA601E9A2A2200EFF2BF /* NavigationController.m */; };
		91E7CA711E9A2A2200EFF2BF /* PlayGuideViewController.m in Sources */ = {isa = PBXBuildFile; fileRef = 91E7CA631E9A2A2200EFF2BF /* PlayGuideViewController.m */; };
		91E7CA721E9A2A2200EFF2BF /* hubblecast.m4v in Resources */ = {isa = PBXBuildFile; fileRef = 91E7CA651E9A2A2200EFF2BF /* hubblecast.m4v */; };
		91E7CA731E9A2A2200EFF2BF /* play_local@2x.png in Resources */ = {isa = PBXBuildFile; fileRef = 91E7CA661E9A2A2200EFF2BF /* play_local@2x.png */; };
		91E7CA741E9A2A2200EFF2BF /* play_local@3x.png in Resources */ = {isa = PBXBuildFile; fileRef = 91E7CA671E9A2A2200EFF2BF /* play_local@3x.png */; };
		91E7CA751E9A2A2200EFF2BF /* play_remote@2x.png in Resources */ = {isa = PBXBuildFile; fileRef = 91E7CA681E9A2A2200EFF2BF /* play_remote@2x.png */; };
		91E7CA761E9A2A2200EFF2BF /* play_remote@3x.png in Resources */ = {isa = PBXBuildFile; fileRef = 91E7CA691E9A2A2200EFF2BF /* play_remote@3x.png */; };
		91E7CA7F1E9A2F4900EFF2BF /* UIKit.framework in Frameworks */ = {isa = PBXBuildFile; fileRef = 91E7CA7E1E9A2F4900EFF2BF /* UIKit.framework */; };
		91E7CA811E9A2F5A00EFF2BF /* CoreMedia.framework in Frameworks */ = {isa = PBXBuildFile; fileRef = 91E7CA801E9A2F5A00EFF2BF /* CoreMedia.framework */; };
		91E7CA831E9A2F6500EFF2BF /* MediaPlayer.framework in Frameworks */ = {isa = PBXBuildFile; fileRef = 91E7CA821E9A2F6500EFF2BF /* MediaPlayer.framework */; };
		91E7CA851E9A2F6D00EFF2BF /* AVFoundation.framework in Frameworks */ = {isa = PBXBuildFile; fileRef = 91E7CA841E9A2F6D00EFF2BF /* AVFoundation.framework */; };
		91E7CA871E9A2F7700EFF2BF /* CoreGraphics.framework in Frameworks */ = {isa = PBXBuildFile; fileRef = 91E7CA861E9A2F7700EFF2BF /* CoreGraphics.framework */; };
		91E7CA891E9A2F8200EFF2BF /* Foundation.framework in Frameworks */ = {isa = PBXBuildFile; fileRef = 91E7CA881E9A2F8200EFF2BF /* Foundation.framework */; };
		91E7CA941E9A354C00EFF2BF /* YouTubeParser.m in Sources */ = {isa = PBXBuildFile; fileRef = 91E7CA931E9A354C00EFF2BF /* YouTubeParser.m */; };
/* End PBXBuildFile section */

/* Begin PBXFileReference section */
		9122E8871E977FD4009EBF74 /* MultiMediaPlayer.app */ = {isa = PBXFileReference; explicitFileType = wrapper.application; includeInIndex = 0; path = MultiMediaPlayer.app; sourceTree = BUILT_PRODUCTS_DIR; };
		91284ED11E9BBCA10049F16B /* MediaPlayerViewController.h */ = {isa = PBXFileReference; fileEncoding = 4; lastKnownFileType = sourcecode.c.h; path = MediaPlayerViewController.h; sourceTree = "<group>"; };
		91284ED21E9BBCA10049F16B /* MediaPlayerViewController.m */ = {isa = PBXFileReference; fileEncoding = 4; lastKnownFileType = sourcecode.c.objc; path = MediaPlayerViewController.m; sourceTree = "<group>"; };
		91284ED41E9BC8B50049F16B /* MediaPlayerView.h */ = {isa = PBXFileReference; fileEncoding = 4; lastKnownFileType = sourcecode.c.h; path = MediaPlayerView.h; sourceTree = "<group>"; };
		91284ED51E9BC8B50049F16B /* MediaPlayerView.m */ = {isa = PBXFileReference; fileEncoding = 4; lastKnownFileType = sourcecode.c.objc; path = MediaPlayerView.m; sourceTree = "<group>"; };
		91284ED71E9BC9C80049F16B /* MediaPlayerOverlayView.h */ = {isa = PBXFileReference; fileEncoding = 4; lastKnownFileType = sourcecode.c.h; path = MediaPlayerOverlayView.h; sourceTree = "<group>"; };
		91284ED81E9BC9C80049F16B /* MediaPlayerOverlayView.m */ = {isa = PBXFileReference; fileEncoding = 4; lastKnownFileType = sourcecode.c.objc; path = MediaPlayerOverlayView.m; sourceTree = "<group>"; };
		91E7CA551E9A2A2200EFF2BF /* AppDelegate.h */ = {isa = PBXFileReference; fileEncoding = 4; lastKnownFileType = sourcecode.c.h; path = AppDelegate.h; sourceTree = "<group>"; };
		91E7CA561E9A2A2200EFF2BF /* AppDelegate.m */ = {isa = PBXFileReference; fileEncoding = 4; lastKnownFileType = sourcecode.c.objc; path = AppDelegate.m; sourceTree = "<group>"; };
		91E7CA571E9A2A2200EFF2BF /* Assets.xcassets */ = {isa = PBXFileReference; lastKnownFileType = folder.assetcatalog; path = Assets.xcassets; sourceTree = "<group>"; };
		91E7CA581E9A2A2200EFF2BF /* ComDef.h */ = {isa = PBXFileReference; fileEncoding = 4; lastKnownFileType = sourcecode.c.h; path = ComDef.h; sourceTree = "<group>"; };
		91E7CA591E9A2A2200EFF2BF /* Info.plist */ = {isa = PBXFileReference; fileEncoding = 4; lastKnownFileType = text.plist.xml; path = Info.plist; sourceTree = "<group>"; };
		91E7CA5A1E9A2A2200EFF2BF /* main.m */ = {isa = PBXFileReference; fileEncoding = 4; lastKnownFileType = sourcecode.c.objc; path = main.m; sourceTree = "<group>"; };
		91E7CA5C1E9A2A2200EFF2BF /* MultiMediaPlayer.xcdatamodel */ = {isa = PBXFileReference; lastKnownFileType = wrapper.xcdatamodel; path = MultiMediaPlayer.xcdatamodel; sourceTree = "<group>"; };
		91E7CA5D1E9A2A2200EFF2BF /* MultiMediaPlayerViewController.h */ = {isa = PBXFileReference; fileEncoding = 4; lastKnownFileType = sourcecode.c.h; path = MultiMediaPlayerViewController.h; sourceTree = "<group>"; };
		91E7CA5E1E9A2A2200EFF2BF /* MultiMediaPlayerViewController.m */ = {isa = PBXFileReference; fileEncoding = 4; lastKnownFileType = sourcecode.c.objc; path = MultiMediaPlayerViewController.m; sourceTree = "<group>"; };
		91E7CA5F1E9A2A2200EFF2BF /* NavigationController.h */ = {isa = PBXFileReference; fileEncoding = 4; lastKnownFileType = sourcecode.c.h; path = NavigationController.h; sourceTree = "<group>"; };
		91E7CA601E9A2A2200EFF2BF /* NavigationController.m */ = {isa = PBXFileReference; fileEncoding = 4; lastKnownFileType = sourcecode.c.objc; path = NavigationController.m; sourceTree = "<group>"; };
		91E7CA621E9A2A2200EFF2BF /* PlayGuideViewController.h */ = {isa = PBXFileReference; fileEncoding = 4; lastKnownFileType = sourcecode.c.h; path = PlayGuideViewController.h; sourceTree = "<group>"; };
		91E7CA631E9A2A2200EFF2BF /* PlayGuideViewController.m */ = {isa = PBXFileReference; fileEncoding = 4; lastKnownFileType = sourcecode.c.objc; path = PlayGuideViewController.m; sourceTree = "<group>"; };
		91E7CA651E9A2A2200EFF2BF /* hubblecast.m4v */ = {isa = PBXFileReference; lastKnownFileType = file; path = hubblecast.m4v; sourceTree = "<group>"; };
		91E7CA661E9A2A2200EFF2BF /* play_local@2x.png */ = {isa = PBXFileReference; lastKnownFileType = image.png; path = "play_local@2x.png"; sourceTree = "<group>"; };
		91E7CA671E9A2A2200EFF2BF /* play_local@3x.png */ = {isa = PBXFileReference; lastKnownFileType = image.png; path = "play_local@3x.png"; sourceTree = "<group>"; };
		91E7CA681E9A2A2200EFF2BF /* play_remote@2x.png */ = {isa = PBXFileReference; lastKnownFileType = image.png; path = "play_remote@2x.png"; sourceTree = "<group>"; };
		91E7CA691E9A2A2200EFF2BF /* play_remote@3x.png */ = {isa = PBXFileReference; lastKnownFileType = image.png; path = "play_remote@3x.png"; sourceTree = "<group>"; };
		91E7CA7E1E9A2F4900EFF2BF /* UIKit.framework */ = {isa = PBXFileReference; lastKnownFileType = wrapper.framework; name = UIKit.framework; path = System/Library/Frameworks/UIKit.framework; sourceTree = SDKROOT; };
		91E7CA801E9A2F5A00EFF2BF /* CoreMedia.framework */ = {isa = PBXFileReference; lastKnownFileType = wrapper.framework; name = CoreMedia.framework; path = System/Library/Frameworks/CoreMedia.framework; sourceTree = SDKROOT; };
		91E7CA821E9A2F6500EFF2BF /* MediaPlayer.framework */ = {isa = PBXFileReference; lastKnownFileType = wrapper.framework; name = MediaPlayer.framework; path = System/Library/Frameworks/MediaPlayer.framework; sourceTree = SDKROOT; };
		91E7CA841E9A2F6D00EFF2BF /* AVFoundation.framework */ = {isa = PBXFileReference; lastKnownFileType = wrapper.framework; name = AVFoundation.framework; path = System/Library/Frameworks/AVFoundation.framework; sourceTree = SDKROOT; };
		91E7CA861E9A2F7700EFF2BF /* CoreGraphics.framework */ = {isa = PBXFileReference; lastKnownFileType = wrapper.framework; name = CoreGraphics.framework; path = System/Library/Frameworks/CoreGraphics.framework; sourceTree = SDKROOT; };
		91E7CA881E9A2F8200EFF2BF /* Foundation.framework */ = {isa = PBXFileReference; lastKnownFileType = wrapper.framework; name = Foundation.framework; path = System/Library/Frameworks/Foundation.framework; sourceTree = SDKROOT; };
		91E7CA921E9A354C00EFF2BF /* YouTubeParser.h */ = {isa = PBXFileReference; fileEncoding = 4; lastKnownFileType = sourcecode.c.h; path = YouTubeParser.h; sourceTree = "<group>"; };
		91E7CA931E9A354C00EFF2BF /* YouTubeParser.m */ = {isa = PBXFileReference; fileEncoding = 4; lastKnownFileType = sourcecode.c.objc; path = YouTubeParser.m; sourceTree = "<group>"; };
/* End PBXFileReference section */

/* Begin PBXFrameworksBuildPhase section */
		9122E8841E977FD4009EBF74 /* Frameworks */ = {
			isa = PBXFrameworksBuildPhase;
			buildActionMask = 2147483647;
			files = (
				91E7CA891E9A2F8200EFF2BF /* Foundation.framework in Frameworks */,
				91E7CA871E9A2F7700EFF2BF /* CoreGraphics.framework in Frameworks */,
				91E7CA851E9A2F6D00EFF2BF /* AVFoundation.framework in Frameworks */,
				91E7CA831E9A2F6500EFF2BF /* MediaPlayer.framework in Frameworks */,
				91E7CA811E9A2F5A00EFF2BF /* CoreMedia.framework in Frameworks */,
				91E7CA7F1E9A2F4900EFF2BF /* UIKit.framework in Frameworks */,
			);
			runOnlyForDeploymentPostprocessing = 0;
		};
/* End PBXFrameworksBuildPhase section */

/* Begin PBXGroup section */
		9122E87E1E977FD4009EBF74 = {
			isa = PBXGroup;
			children = (
				91E7CA541E9A2A2200EFF2BF /* MultiMediaPlayer */,
				9122E8881E977FD4009EBF74 /* Products */,
				91E7CA7D1E9A2F4900EFF2BF /* Frameworks */,
			);
			sourceTree = "<group>";
		};
		9122E8881E977FD4009EBF74 /* Products */ = {
			isa = PBXGroup;
			children = (
				9122E8871E977FD4009EBF74 /* MultiMediaPlayer.app */,
			);
			name = Products;
			sourceTree = "<group>";
		};
		91E7CA541E9A2A2200EFF2BF /* MultiMediaPlayer */ = {
			isa = PBXGroup;
			children = (
				91E7CA551E9A2A2200EFF2BF /* AppDelegate.h */,
				91E7CA561E9A2A2200EFF2BF /* AppDelegate.m */,
				91E7CA571E9A2A2200EFF2BF /* Assets.xcassets */,
				91E7CA581E9A2A2200EFF2BF /* ComDef.h */,
				91E7CA591E9A2A2200EFF2BF /* Info.plist */,
				91E7CA5A1E9A2A2200EFF2BF /* main.m */,
				91E7CA5B1E9A2A2200EFF2BF /* MultiMediaPlayer.xcdatamodeld */,
				91E7CA5D1E9A2A2200EFF2BF /* MultiMediaPlayerViewController.h */,
				91E7CA5E1E9A2A2200EFF2BF /* MultiMediaPlayerViewController.m */,
				91E7CA5F1E9A2A2200EFF2BF /* NavigationController.h */,
				91E7CA601E9A2A2200EFF2BF /* NavigationController.m */,
				91E7CA621E9A2A2200EFF2BF /* PlayGuideViewController.h */,
				91E7CA631E9A2A2200EFF2BF /* PlayGuideViewController.m */,
				91E7CA641E9A2A2200EFF2BF /* Resource */,
				91E7CA921E9A354C00EFF2BF /* YouTubeParser.h */,
				91E7CA931E9A354C00EFF2BF /* YouTubeParser.m */,
				91284ED11E9BBCA10049F16B /* MediaPlayerViewController.h */,
				91284ED21E9BBCA10049F16B /* MediaPlayerViewController.m */,
				91284ED41E9BC8B50049F16B /* MediaPlayerView.h */,
				91284ED51E9BC8B50049F16B /* MediaPlayerView.m */,
				91284ED71E9BC9C80049F16B /* MediaPlayerOverlayView.h */,
				91284ED81E9BC9C80049F16B /* MediaPlayerOverlayView.m */,
			);
			path = MultiMediaPlayer;
			sourceTree = "<group>";
		};
		91E7CA641E9A2A2200EFF2BF /* Resource */ = {
			isa = PBXGroup;
			children = (
				91E7CA651E9A2A2200EFF2BF /* hubblecast.m4v */,
				91E7CA661E9A2A2200EFF2BF /* play_local@2x.png */,
				91E7CA671E9A2A2200EFF2BF /* play_local@3x.png */,
				91E7CA681E9A2A2200EFF2BF /* play_remote@2x.png */,
				91E7CA691E9A2A2200EFF2BF /* play_remote@3x.png */,
			);
			path = Resource;
			sourceTree = "<group>";
		};
		91E7CA7D1E9A2F4900EFF2BF /* Frameworks */ = {
			isa = PBXGroup;
			children = (
				91E7CA881E9A2F8200EFF2BF /* Foundation.framework */,
				91E7CA861E9A2F7700EFF2BF /* CoreGraphics.framework */,
				91E7CA841E9A2F6D00EFF2BF /* AVFoundation.framework */,
				91E7CA821E9A2F6500EFF2BF /* MediaPlayer.framework */,
				91E7CA801E9A2F5A00EFF2BF /* CoreMedia.framework */,
				91E7CA7E1E9A2F4900EFF2BF /* UIKit.framework */,
			);
			name = Frameworks;
			sourceTree = "<group>";
		};
/* End PBXGroup section */

/* Begin PBXNativeTarget section */
		9122E8861E977FD4009EBF74 /* MultiMediaPlayer */ = {
			isa = PBXNativeTarget;
			buildConfigurationList = 9122E8A11E977FD4009EBF74 /* Build configuration list for PBXNativeTarget "MultiMediaPlayer" */;
			buildPhases = (
				9122E8831E977FD4009EBF74 /* Sources */,
				9122E8841E977FD4009EBF74 /* Frameworks */,
				9122E8851E977FD4009EBF74 /* Resources */,
			);
			buildRules = (
			);
			dependencies = (
			);
			name = MultiMediaPlayer;
			productName = MultiMediaPlayer;
			productReference = 9122E8871E977FD4009EBF74 /* MultiMediaPlayer.app */;
			productType = "com.apple.product-type.application";
		};
/* End PBXNativeTarget section */

/* Begin PBXProject section */
		9122E87F1E977FD4009EBF74 /* Project object */ = {
			isa = PBXProject;
			attributes = {
				LastUpgradeCheck = 0820;
				ORGANIZATIONNAME = Apress;
				TargetAttributes = {
					9122E8861E977FD4009EBF74 = {
						CreatedOnToolsVersion = 8.1;
						DevelopmentTeam = M6EDV6DS4E;
						ProvisioningStyle = Manual;
					};
				};
			};
			buildConfigurationList = 9122E8821E977FD4009EBF74 /* Build configuration list for PBXProject "MultiMediaPlayer" */;
			compatibilityVersion = "Xcode 3.2";
			developmentRegion = English;
			hasScannedForEncodings = 0;
			knownRegions = (
				en,
				Base,
			);
			mainGroup = 9122E87E1E977FD4009EBF74;
			productRefGroup = 9122E8881E977FD4009EBF74 /* Products */;
			projectDirPath = "";
			projectRoot = "";
			targets = (
				9122E8861E977FD4009EBF74 /* MultiMediaPlayer */,
			);
		};
/* End PBXProject section */

/* Begin PBXResourcesBuildPhase section */
		9122E8851E977FD4009EBF74 /* Resources */ = {
			isa = PBXResourcesBuildPhase;
			buildActionMask = 2147483647;
			files = (
				91E7CA6C1E9A2A2200EFF2BF /* Info.plist in Resources */,
				91E7CA6B1E9A2A2200EFF2BF /* Assets.xcassets in Resources */,
				91E7CA761E9A2A2200EFF2BF /* play_remote@3x.png in Resources */,
				91E7CA751E9A2A2200EFF2BF /* play_remote@2x.png in Resources */,
				91E7CA741E9A2A2200EFF2BF /* play_local@3x.png in Resources */,
				91E7CA731E9A2A2200EFF2BF /* play_local@2x.png in Resources */,
				91E7CA721E9A2A2200EFF2BF /* hubblecast.m4v in Resources */,
			);
			runOnlyForDeploymentPostprocessing = 0;
		};
/* End PBXResourcesBuildPhase section */

/* Begin PBXSourcesBuildPhase section */
		9122E8831E977FD4009EBF74 /* Sources */ = {
			isa = PBXSourcesBuildPhase;
			buildActionMask = 2147483647;
			files = (
				91E7CA6F1E9A2A2200EFF2BF /* MultiMediaPlayerViewController.m in Sources */,
				91284ED91E9BC9C80049F16B /* MediaPlayerOverlayView.m in Sources */,
				91E7CA6E1E9A2A2200EFF2BF /* MultiMediaPlayer.xcdatamodeld in Sources */,
				91284ED61E9BC8B50049F16B /* MediaPlayerView.m in Sources */,
				91284ED31E9BBCA10049F16B /* MediaPlayerViewController.m in Sources */,
				91E7CA701E9A2A2200EFF2BF /* NavigationController.m in Sources */,
				91E7CA711E9A2A2200EFF2BF /* PlayGuideViewController.m in Sources */,
				91E7CA941E9A354C00EFF2BF /* YouTubeParser.m in Sources */,
				91E7CA6D1E9A2A2200EFF2BF /* main.m in Sources */,
				91E7CA6A1E9A2A2200EFF2BF /* AppDelegate.m in Sources */,
			);
			runOnlyForDeploymentPostprocessing = 0;
		};
/* End PBXSourcesBuildPhase section */

/* Begin XCBuildConfiguration section */
		9122E89F1E977FD4009EBF74 /* Debug */ = {
			isa = XCBuildConfiguration;
			buildSettings = {
				ALWAYS_SEARCH_USER_PATHS = NO;
				CLANG_ANALYZER_NONNULL = YES;
				CLANG_CXX_LANGUAGE_STANDARD = "gnu++0x";
				CLANG_CXX_LIBRARY = "libc++";
				CLANG_ENABLE_MODULES = YES;
				CLANG_ENABLE_OBJC_ARC = YES;
				CLANG_WARN_BOOL_CONVERSION = YES;
				CLANG_WARN_CONSTANT_CONVERSION = YES;
				CLANG_WARN_DIRECT_OBJC_ISA_USAGE = YES_ERROR;
				CLANG_WARN_DOCUMENTATION_COMMENTS = YES;
				CLANG_WARN_EMPTY_BODY = YES;
				CLANG_WARN_ENUM_CONVERSION = YES;
				CLANG_WARN_INFINITE_RECURSION = YES;
				CLANG_WARN_INT_CONVERSION = YES;
				CLANG_WARN_OBJC_ROOT_CLASS = YES_ERROR;
				CLANG_WARN_SUSPICIOUS_MOVE = YES;
				CLANG_WARN_SUSPICIOUS_MOVES = YES;
				CLANG_WARN_UNREACHABLE_CODE = YES;
				CLANG_WARN__DUPLICATE_METHOD_MATCH = YES;
				"CODE_SIGN_IDENTITY[sdk=iphoneos*]" = "iPhone Developer";
				COPY_PHASE_STRIP = NO;
				DEBUG_INFORMATION_FORMAT = dwarf;
				ENABLE_STRICT_OBJC_MSGSEND = YES;
				ENABLE_TESTABILITY = YES;
				GCC_C_LANGUAGE_STANDARD = gnu99;
				GCC_DYNAMIC_NO_PIC = NO;
				GCC_NO_COMMON_BLOCKS = YES;
				GCC_OPTIMIZATION_LEVEL = 0;
				GCC_PREPROCESSOR_DEFINITIONS = (
					"DEBUG=1",
					"$(inherited)",
				);
				GCC_WARN_64_TO_32_BIT_CONVERSION = YES;
				GCC_WARN_ABOUT_RETURN_TYPE = YES_ERROR;
				GCC_WARN_UNDECLARED_SELECTOR = YES;
				GCC_WARN_UNINITIALIZED_AUTOS = YES_AGGRESSIVE;
				GCC_WARN_UNUSED_FUNCTION = YES;
				GCC_WARN_UNUSED_VARIABLE = YES;
				IPHONEOS_DEPLOYMENT_TARGET = 9.3;
				MTL_ENABLE_DEBUG_INFO = YES;
				ONLY_ACTIVE_ARCH = YES;
				SDKROOT = iphoneos;
				TARGETED_DEVICE_FAMILY = "1,2";
			};
			name = Debug;
		};
		9122E8A01E977FD4009EBF74 /* Release */ = {
			isa = XCBuildConfiguration;
			buildSettings = {
				ALWAYS_SEARCH_USER_PATHS = NO;
				CLANG_ANALYZER_NONNULL = YES;
				CLANG_CXX_LANGUAGE_STANDARD = "gnu++0x";
				CLANG_CXX_LIBRARY = "libc++";
				CLANG_ENABLE_MODULES = YES;
				CLANG_ENABLE_OBJC_ARC = YES;
				CLANG_WARN_BOOL_CONVERSION = YES;
				CLANG_WARN_CONSTANT_CONVERSION = YES;
				CLANG_WARN_DIRECT_OBJC_ISA_USAGE = YES_ERROR;
				CLANG_WARN_DOCUMENTATION_COMMENTS = YES;
				CLANG_WARN_EMPTY_BODY = YES;
				CLANG_WARN_ENUM_CONVERSION = YES;
				CLANG_WARN_INFINITE_RECURSION = YES;
				CLANG_WARN_INT_CONVERSION = YES;
				CLANG_WARN_OBJC_ROOT_CLASS = YES_ERROR;
				CLANG_WARN_SUSPICIOUS_MOVE = YES;
				CLANG_WARN_SUSPICIOUS_MOVES = YES;
				CLANG_WARN_UNREACHABLE_CODE = YES;
				CLANG_WARN__DUPLICATE_METHOD_MATCH = YES;
				"CODE_SIGN_IDENTITY[sdk=iphoneos*]" = "iPhone Developer";
				COPY_PHASE_STRIP = NO;
				DEBUG_INFORMATION_FORMAT = "dwarf-with-dsym";
				ENABLE_NS_ASSERTIONS = NO;
				ENABLE_STRICT_OBJC_MSGSEND = YES;
				GCC_C_LANGUAGE_STANDARD = gnu99;
				GCC_NO_COMMON_BLOCKS = YES;
				GCC_WARN_64_TO_32_BIT_CONVERSION = YES;
				GCC_WARN_ABOUT_RETURN_TYPE = YES_ERROR;
				GCC_WARN_UNDECLARED_SELECTOR = YES;
				GCC_WARN_UNINITIALIZED_AUTOS = YES_AGGRESSIVE;
				GCC_WARN_UNUSED_FUNCTION = YES;
				GCC_WARN_UNUSED_VARIABLE = YES;
				IPHONEOS_DEPLOYMENT_TARGET = 9.3;
				MTL_ENABLE_DEBUG_INFO = NO;
				SDKROOT = iphoneos;
				TARGETED_DEVICE_FAMILY = "1,2";
				VALIDATE_PRODUCT = YES;
			};
			name = Release;
		};
		9122E8A21E977FD4009EBF74 /* Debug */ = {
			isa = XCBuildConfiguration;
			buildSettings = {
				ASSETCATALOG_COMPILER_APPICON_NAME = AppIcon;
				DEVELOPMENT_TEAM = M6EDV6DS4E;
				INFOPLIST_FILE = MultiMediaPlayer/Info.plist;
				IPHONEOS_DEPLOYMENT_TARGET = 9.3;
				LD_RUNPATH_SEARCH_PATHS = "$(inherited) @executable_path/Frameworks";
				PRODUCT_BUNDLE_IDENTIFIER = com.cvc.MultiMediaPlayer;
				PRODUCT_NAME = "$(TARGET_NAME)";
				PROVISIONING_PROFILE = "cd2a5075-af21-4053-9960-aff1b7cb03f8";
				PROVISIONING_PROFILE_SPECIFIER = millionaire;
			};
			name = Debug;
		};
		9122E8A31E977FD4009EBF74 /* Release */ = {
			isa = XCBuildConfiguration;
			buildSettings = {
				ASSETCATALOG_COMPILER_APPICON_NAME = AppIcon;
				DEVELOPMENT_TEAM = M6EDV6DS4E;
				INFOPLIST_FILE = MultiMediaPlayer/Info.plist;
				IPHONEOS_DEPLOYMENT_TARGET = 9.3;
				LD_RUNPATH_SEARCH_PATHS = "$(inherited) @executable_path/Frameworks";
				PRODUCT_BUNDLE_IDENTIFIER = com.cvc.MultiMediaPlayer;
				PRODUCT_NAME = "$(TARGET_NAME)";
				PROVISIONING_PROFILE = "cd2a5075-af21-4053-9960-aff1b7cb03f8";
				PROVISIONING_PROFILE_SPECIFIER = millionaire;
			};
			name = Release;
		};
/* End XCBuildConfiguration section */

/* Begin XCConfigurationList section */
		9122E8821E977FD4009EBF74 /* Build configuration list for PBXProject "MultiMediaPlayer" */ = {
			isa = XCConfigurationList;
			buildConfigurations = (
				9122E89F1E977FD4009EBF74 /* Debug */,
				9122E8A01E977FD4009EBF74 /* Release */,
			);
			defaultConfigurationIsVisible = 0;
			defaultConfigurationName = Release;
		};
		9122E8A11E977FD4009EBF74 /* Build configuration list for PBXNativeTarget "MultiMediaPlayer" */ = {
			isa = XCConfigurationList;
			buildConfigurations = (
				9122E8A21E977FD4009EBF74 /* Debug */,
				9122E8A31E977FD4009EBF74 /* Release */,
			);
			defaultConfigurationIsVisible = 0;
			defaultConfigurationName = Release;
		};
/* End XCConfigurationList section */

/* Begin XCVersionGroup section */
		91E7CA5B1E9A2A2200EFF2BF /* MultiMediaPlayer.xcdatamodeld */ = {
			isa = XCVersionGroup;
			children = (
				91E7CA5C1E9A2A2200EFF2BF /* MultiMediaPlayer.xcdatamodel */,
			);
			currentVersion = 91E7CA5C1E9A2A2200EFF2BF /* MultiMediaPlayer.xcdatamodel */;
			path = MultiMediaPlayer.xcdatamodeld;
			sourceTree = "<group>";
			versionGroupType = wrapper.xcdatamodel;
		};
/* End XCVersionGroup section */
	};
	rootObject = 9122E87F1E977FD4009EBF74 /* Project object */;
}
