// !$*UTF8*$!
{
	archiveVersion = 1;
	classes = {
	};
	objectVersion = 46;
	objects = {

/* Begin PBXBuildFile section */
		910F31641E97947E00FB5617 /* play_remote@2x.png in Resources */ = {isa = PBXBuildFile; fileRef = 910F31621E97947E00FB5617 /* play_remote@2x.png */; };
		910F31651E97947E00FB5617 /* play_remote@3x.png in Resources */ = {isa = PBXBuildFile; fileRef = 910F31631E97947E00FB5617 /* play_remote@3x.png */; };
		910F31681E97A3DD00FB5617 /* NavigationController.m in Sources */ = {isa = PBXBuildFile; fileRef = 910F31671E97A3DD00FB5617 /* NavigationController.m */; };
		9122E88C1E977FD4009EBF74 /* main.m in Sources */ = {isa = PBXBuildFile; fileRef = 9122E88B1E977FD4009EBF74 /* main.m */; };
		9122E88F1E977FD4009EBF74 /* AppDelegate.m in Sources */ = {isa = PBXBuildFile; fileRef = 9122E88E1E977FD4009EBF74 /* AppDelegate.m */; };
		9122E8921E977FD4009EBF74 /* PlayGuideViewController.m in Sources */ = {isa = PBXBuildFile; fileRef = 9122E8911E977FD4009EBF74 /* PlayGuideViewController.m */; };
		9122E8981E977FD4009EBF74 /* MultiMediaPlayer.xcdatamodeld in Sources */ = {isa = PBXBuildFile; fileRef = 9122E8961E977FD4009EBF74 /* MultiMediaPlayer.xcdatamodeld */; };
		9122E89A1E977FD4009EBF74 /* Assets.xcassets in Resources */ = {isa = PBXBuildFile; fileRef = 9122E8991E977FD4009EBF74 /* Assets.xcassets */; };
		9122E8A81E9783DF009EBF74 /* play_local@2x.png in Resources */ = {isa = PBXBuildFile; fileRef = 9122E8A61E9783DF009EBF74 /* play_local@2x.png */; };
		9122E8A91E9783DF009EBF74 /* play_local@3x.png in Resources */ = {isa = PBXBuildFile; fileRef = 9122E8A71E9783DF009EBF74 /* play_local@3x.png */; };
		91BEBC411E97B7530044F3C5 /* MultiMediaPlayerViewController.m in Sources */ = {isa = PBXBuildFile; fileRef = 91BEBC401E97B7530044F3C5 /* MultiMediaPlayerViewController.m */; };
/* End PBXBuildFile section */

/* Begin PBXFileReference section */
		910F31621E97947E00FB5617 /* play_remote@2x.png */ = {isa = PBXFileReference; lastKnownFileType = image.png; path = "play_remote@2x.png"; sourceTree = "<group>"; };
		910F31631E97947E00FB5617 /* play_remote@3x.png */ = {isa = PBXFileReference; lastKnownFileType = image.png; path = "play_remote@3x.png"; sourceTree = "<group>"; };
		910F31661E97A3DD00FB5617 /* NavigationController.h */ = {isa = PBXFileReference; fileEncoding = 4; lastKnownFileType = sourcecode.c.h; path = NavigationController.h; sourceTree = "<group>"; };
		910F31671E97A3DD00FB5617 /* NavigationController.m */ = {isa = PBXFileReference; fileEncoding = 4; lastKnownFileType = sourcecode.c.objc; path = NavigationController.m; sourceTree = "<group>"; };
		9122E8871E977FD4009EBF74 /* MultiMediaPlayer.app */ = {isa = PBXFileReference; explicitFileType = wrapper.application; includeInIndex = 0; path = MultiMediaPlayer.app; sourceTree = BUILT_PRODUCTS_DIR; };
		9122E88B1E977FD4009EBF74 /* main.m */ = {isa = PBXFileReference; lastKnownFileType = sourcecode.c.objc; path = main.m; sourceTree = "<group>"; };
		9122E88D1E977FD4009EBF74 /* AppDelegate.h */ = {isa = PBXFileReference; lastKnownFileType = sourcecode.c.h; path = AppDelegate.h; sourceTree = "<group>"; };
		9122E88E1E977FD4009EBF74 /* AppDelegate.m */ = {isa = PBXFileReference; lastKnownFileType = sourcecode.c.objc; path = AppDelegate.m; sourceTree = "<group>"; };
		9122E8901E977FD4009EBF74 /* PlayGuideViewController.h */ = {isa = PBXFileReference; lastKnownFileType = sourcecode.c.h; path = PlayGuideViewController.h; sourceTree = "<group>"; };
		9122E8911E977FD4009EBF74 /* PlayGuideViewController.m */ = {isa = PBXFileReference; lastKnownFileType = sourcecode.c.objc; path = PlayGuideViewController.m; sourceTree = "<group>"; };
		9122E8971E977FD4009EBF74 /* MultiMediaPlayer.xcdatamodel */ = {isa = PBXFileReference; lastKnownFileType = wrapper.xcdatamodel; path = MultiMediaPlayer.xcdatamodel; sourceTree = "<group>"; };
		9122E8991E977FD4009EBF74 /* Assets.xcassets */ = {isa = PBXFileReference; lastKnownFileType = folder.assetcatalog; path = Assets.xcassets; sourceTree = "<group>"; };
		9122E89E1E977FD4009EBF74 /* Info.plist */ = {isa = PBXFileReference; lastKnownFileType = text.plist.xml; path = Info.plist; sourceTree = "<group>"; };
		9122E8A41E97833A009EBF74 /* ComDef.h */ = {isa = PBXFileReference; lastKnownFileType = sourcecode.c.h; path = ComDef.h; sourceTree = "<group>"; };
		9122E8A61E9783DF009EBF74 /* play_local@2x.png */ = {isa = PBXFileReference; lastKnownFileType = image.png; path = "play_local@2x.png"; sourceTree = "<group>"; };
		9122E8A71E9783DF009EBF74 /* play_local@3x.png */ = {isa = PBXFileReference; lastKnownFileType = image.png; path = "play_local@3x.png"; sourceTree = "<group>"; };
		91BEBC3F1E97B7530044F3C5 /* MultiMediaPlayerViewController.h */ = {isa = PBXFileReference; fileEncoding = 4; lastKnownFileType = sourcecode.c.h; path = MultiMediaPlayerViewController.h; sourceTree = "<group>"; };
		91BEBC401E97B7530044F3C5 /* MultiMediaPlayerViewController.m */ = {isa = PBXFileReference; fileEncoding = 4; lastKnownFileType = sourcecode.c.objc; path = MultiMediaPlayerViewController.m; sourceTree = "<group>"; };
/* End PBXFileReference section */

/* Begin PBXFrameworksBuildPhase section */
		9122E8841E977FD4009EBF74 /* Frameworks */ = {
			isa = PBXFrameworksBuildPhase;
			buildActionMask = 2147483647;
			files = (
			);
			runOnlyForDeploymentPostprocessing = 0;
		};
/* End PBXFrameworksBuildPhase section */

/* Begin PBXGroup section */
		9122E87E1E977FD4009EBF74 = {
			isa = PBXGroup;
			children = (
				9122E8891E977FD4009EBF74 /* MultiMediaPlayer */,
				9122E8881E977FD4009EBF74 /* Products */,
			);
			sourceTree = "<group>";
		};
		9122E8881E977FD4009EBF74 /* Products */ = {
			isa = PBXGroup;
			children = (
				9122E8871E977FD4009EBF74 /* MultiMediaPlayer.app */,
			);
			name = Products;
			sourceTree = "<group>";
		};
		9122E8891E977FD4009EBF74 /* MultiMediaPlayer */ = {
			isa = PBXGroup;
			children = (
				9122E8A51E9783DF009EBF74 /* Resource */,
				9122E88D1E977FD4009EBF74 /* AppDelegate.h */,
				9122E88E1E977FD4009EBF74 /* AppDelegate.m */,
				9122E8901E977FD4009EBF74 /* PlayGuideViewController.h */,
				9122E8911E977FD4009EBF74 /* PlayGuideViewController.m */,
				9122E8A41E97833A009EBF74 /* ComDef.h */,
				9122E8991E977FD4009EBF74 /* Assets.xcassets */,
				9122E89E1E977FD4009EBF74 /* Info.plist */,
				9122E8961E977FD4009EBF74 /* MultiMediaPlayer.xcdatamodeld */,
				9122E88A1E977FD4009EBF74 /* Supporting Files */,
				910F31661E97A3DD00FB5617 /* NavigationController.h */,
				910F31671E97A3DD00FB5617 /* NavigationController.m */,
				91BEBC3F1E97B7530044F3C5 /* MultiMediaPlayerViewController.h */,
				91BEBC401E97B7530044F3C5 /* MultiMediaPlayerViewController.m */,
			);
			path = MultiMediaPlayer;
			sourceTree = "<group>";
		};
		9122E88A1E977FD4009EBF74 /* Supporting Files */ = {
			isa = PBXGroup;
			children = (
				9122E88B1E977FD4009EBF74 /* main.m */,
			);
			name = "Supporting Files";
			sourceTree = "<group>";
		};
		9122E8A51E9783DF009EBF74 /* Resource */ = {
			isa = PBXGroup;
			children = (
				910F31621E97947E00FB5617 /* play_remote@2x.png */,
				910F31631E97947E00FB5617 /* play_remote@3x.png */,
				9122E8A61E9783DF009EBF74 /* play_local@2x.png */,
				9122E8A71E9783DF009EBF74 /* play_local@3x.png */,
			);
			path = Resource;
			sourceTree = "<group>";
		};
/* End PBXGroup section */

/* Begin PBXNativeTarget section */
		9122E8861E977FD4009EBF74 /* MultiMediaPlayer */ = {
			isa = PBXNativeTarget;
			buildConfigurationList = 9122E8A11E977FD4009EBF74 /* Build configuration list for PBXNativeTarget "MultiMediaPlayer" */;
			buildPhases = (
				9122E8831E977FD4009EBF74 /* Sources */,
				9122E8841E977FD4009EBF74 /* Frameworks */,
				9122E8851E977FD4009EBF74 /* Resources */,
			);
			buildRules = (
			);
			dependencies = (
			);
			name = MultiMediaPlayer;
			productName = MultiMediaPlayer;
			productReference = 9122E8871E977FD4009EBF74 /* MultiMediaPlayer.app */;
			productType = "com.apple.product-type.application";
		};
/* End PBXNativeTarget section */

/* Begin PBXProject section */
		9122E87F1E977FD4009EBF74 /* Project object */ = {
			isa = PBXProject;
			attributes = {
				LastUpgradeCheck = 0810;
				ORGANIZATIONNAME = Apress;
				TargetAttributes = {
					9122E8861E977FD4009EBF74 = {
						CreatedOnToolsVersion = 8.1;
						DevelopmentTeam = M6EDV6DS4E;
						ProvisioningStyle = Manual;
					};
				};
			};
			buildConfigurationList = 9122E8821E977FD4009EBF74 /* Build configuration list for PBXProject "MultiMediaPlayer" */;
			compatibilityVersion = "Xcode 3.2";
			developmentRegion = English;
			hasScannedForEncodings = 0;
			knownRegions = (
				en,
				Base,
			);
			mainGroup = 9122E87E1E977FD4009EBF74;
			productRefGroup = 9122E8881E977FD4009EBF74 /* Products */;
			projectDirPath = "";
			projectRoot = "";
			targets = (
				9122E8861E977FD4009EBF74 /* MultiMediaPlayer */,
			);
		};
/* End PBXProject section */

/* Begin PBXResourcesBuildPhase section */
		9122E8851E977FD4009EBF74 /* Resources */ = {
			isa = PBXResourcesBuildPhase;
			buildActionMask = 2147483647;
			files = (
				910F31651E97947E00FB5617 /* play_remote@3x.png in Resources */,
				910F31641E97947E00FB5617 /* play_remote@2x.png in Resources */,
				9122E89A1E977FD4009EBF74 /* Assets.xcassets in Resources */,
				9122E8A91E9783DF009EBF74 /* play_local@3x.png in Resources */,
				9122E8A81E9783DF009EBF74 /* play_local@2x.png in Resources */,
			);
			runOnlyForDeploymentPostprocessing = 0;
		};
/* End PBXResourcesBuildPhase section */

/* Begin PBXSourcesBuildPhase section */
		9122E8831E977FD4009EBF74 /* Sources */ = {
			isa = PBXSourcesBuildPhase;
			buildActionMask = 2147483647;
			files = (
				91BEBC411E97B7530044F3C5 /* MultiMediaPlayerViewController.m in Sources */,
				9122E8921E977FD4009EBF74 /* PlayGuideViewController.m in Sources */,
				9122E8981E977FD4009EBF74 /* MultiMediaPlayer.xcdatamodeld in Sources */,
				910F31681E97A3DD00FB5617 /* NavigationController.m in Sources */,
				9122E88F1E977FD4009EBF74 /* AppDelegate.m in Sources */,
				9122E88C1E977FD4009EBF74 /* main.m in Sources */,
			);
			runOnlyForDeploymentPostprocessing = 0;
		};
/* End PBXSourcesBuildPhase section */

/* Begin XCBuildConfiguration section */
		9122E89F1E977FD4009EBF74 /* Debug */ = {
			isa = XCBuildConfiguration;
			buildSettings = {
				ALWAYS_SEARCH_USER_PATHS = NO;
				CLANG_ANALYZER_NONNULL = YES;
				CLANG_CXX_LANGUAGE_STANDARD = "gnu++0x";
				CLANG_CXX_LIBRARY = "libc++";
				CLANG_ENABLE_MODULES = YES;
				CLANG_ENABLE_OBJC_ARC = YES;
				CLANG_WARN_BOOL_CONVERSION = YES;
				CLANG_WARN_CONSTANT_CONVERSION = YES;
				CLANG_WARN_DIRECT_OBJC_ISA_USAGE = YES_ERROR;
				CLANG_WARN_DOCUMENTATION_COMMENTS = YES;
				CLANG_WARN_EMPTY_BODY = YES;
				CLANG_WARN_ENUM_CONVERSION = YES;
				CLANG_WARN_INFINITE_RECURSION = YES;
				CLANG_WARN_INT_CONVERSION = YES;
				CLANG_WARN_OBJC_ROOT_CLASS = YES_ERROR;
				CLANG_WARN_SUSPICIOUS_MOVES = YES;
				CLANG_WARN_UNREACHABLE_CODE = YES;
				CLANG_WARN__DUPLICATE_METHOD_MATCH = YES;
				"CODE_SIGN_IDENTITY[sdk=iphoneos*]" = "iPhone Developer";
				COPY_PHASE_STRIP = NO;
				DEBUG_INFORMATION_FORMAT = dwarf;
				ENABLE_STRICT_OBJC_MSGSEND = YES;
				ENABLE_TESTABILITY = YES;
				GCC_C_LANGUAGE_STANDARD = gnu99;
				GCC_DYNAMIC_NO_PIC = NO;
				GCC_NO_COMMON_BLOCKS = YES;
				GCC_OPTIMIZATION_LEVEL = 0;
				GCC_PREPROCESSOR_DEFINITIONS = (
					"DEBUG=1",
					"$(inherited)",
				);
				GCC_WARN_64_TO_32_BIT_CONVERSION = YES;
				GCC_WARN_ABOUT_RETURN_TYPE = YES_ERROR;
				GCC_WARN_UNDECLARED_SELECTOR = YES;
				GCC_WARN_UNINITIALIZED_AUTOS = YES_AGGRESSIVE;
				GCC_WARN_UNUSED_FUNCTION = YES;
				GCC_WARN_UNUSED_VARIABLE = YES;
				IPHONEOS_DEPLOYMENT_TARGET = 10.1;
				MTL_ENABLE_DEBUG_INFO = YES;
				ONLY_ACTIVE_ARCH = YES;
				SDKROOT = iphoneos;
				TARGETED_DEVICE_FAMILY = "1,2";
			};
			name = Debug;
		};
		9122E8A01E977FD4009EBF74 /* Release */ = {
			isa = XCBuildConfiguration;
			buildSettings = {
				ALWAYS_SEARCH_USER_PATHS = NO;
				CLANG_ANALYZER_NONNULL = YES;
				CLANG_CXX_LANGUAGE_STANDARD = "gnu++0x";
				CLANG_CXX_LIBRARY = "libc++";
				CLANG_ENABLE_MODULES = YES;
				CLANG_ENABLE_OBJC_ARC = YES;
				CLANG_WARN_BOOL_CONVERSION = YES;
				CLANG_WARN_CONSTANT_CONVERSION = YES;
				CLANG_WARN_DIRECT_OBJC_ISA_USAGE = YES_ERROR;
				CLANG_WARN_DOCUMENTATION_COMMENTS = YES;
				CLANG_WARN_EMPTY_BODY = YES;
				CLANG_WARN_ENUM_CONVERSION = YES;
				CLANG_WARN_INFINITE_RECURSION = YES;
				CLANG_WARN_INT_CONVERSION = YES;
				CLANG_WARN_OBJC_ROOT_CLASS = YES_ERROR;
				CLANG_WARN_SUSPICIOUS_MOVES = YES;
				CLANG_WARN_UNREACHABLE_CODE = YES;
				CLANG_WARN__DUPLICATE_METHOD_MATCH = YES;
				"CODE_SIGN_IDENTITY[sdk=iphoneos*]" = "iPhone Developer";
				COPY_PHASE_STRIP = NO;
				DEBUG_INFORMATION_FORMAT = "dwarf-with-dsym";
				ENABLE_NS_ASSERTIONS = NO;
				ENABLE_STRICT_OBJC_MSGSEND = YES;
				GCC_C_LANGUAGE_STANDARD = gnu99;
				GCC_NO_COMMON_BLOCKS = YES;
				GCC_WARN_64_TO_32_BIT_CONVERSION = YES;
				GCC_WARN_ABOUT_RETURN_TYPE = YES_ERROR;
				GCC_WARN_UNDECLARED_SELECTOR = YES;
				GCC_WARN_UNINITIALIZED_AUTOS = YES_AGGRESSIVE;
				GCC_WARN_UNUSED_FUNCTION = YES;
				GCC_WARN_UNUSED_VARIABLE = YES;
				IPHONEOS_DEPLOYMENT_TARGET = 10.1;
				MTL_ENABLE_DEBUG_INFO = NO;
				SDKROOT = iphoneos;
				TARGETED_DEVICE_FAMILY = "1,2";
				VALIDATE_PRODUCT = YES;
			};
			name = Release;
		};
		9122E8A21E977FD4009EBF74 /* Debug */ = {
			isa = XCBuildConfiguration;
			buildSettings = {
				ASSETCATALOG_COMPILER_APPICON_NAME = AppIcon;
				DEVELOPMENT_TEAM = M6EDV6DS4E;
				INFOPLIST_FILE = MultiMediaPlayer/Info.plist;
				IPHONEOS_DEPLOYMENT_TARGET = 9.3;
				LD_RUNPATH_SEARCH_PATHS = "$(inherited) @executable_path/Frameworks";
				PRODUCT_BUNDLE_IDENTIFIER = com.cvc.MultiMediaPlayer;
				PRODUCT_NAME = "$(TARGET_NAME)";
				PROVISIONING_PROFILE = "cd2a5075-af21-4053-9960-aff1b7cb03f8";
				PROVISIONING_PROFILE_SPECIFIER = millionaire;
			};
			name = Debug;
		};
		9122E8A31E977FD4009EBF74 /* Release */ = {
			isa = XCBuildConfiguration;
			buildSettings = {
				ASSETCATALOG_COMPILER_APPICON_NAME = AppIcon;
				DEVELOPMENT_TEAM = M6EDV6DS4E;
				INFOPLIST_FILE = MultiMediaPlayer/Info.plist;
				IPHONEOS_DEPLOYMENT_TARGET = 9.3;
				LD_RUNPATH_SEARCH_PATHS = "$(inherited) @executable_path/Frameworks";
				PRODUCT_BUNDLE_IDENTIFIER = com.cvc.MultiMediaPlayer;
				PRODUCT_NAME = "$(TARGET_NAME)";
				PROVISIONING_PROFILE = "cd2a5075-af21-4053-9960-aff1b7cb03f8";
				PROVISIONING_PROFILE_SPECIFIER = millionaire;
			};
			name = Release;
		};
/* End XCBuildConfiguration section */

/* Begin XCConfigurationList section */
		9122E8821E977FD4009EBF74 /* Build configuration list for PBXProject "MultiMediaPlayer" */ = {
			isa = XCConfigurationList;
			buildConfigurations = (
				9122E89F1E977FD4009EBF74 /* Debug */,
				9122E8A01E977FD4009EBF74 /* Release */,
			);
			defaultConfigurationIsVisible = 0;
			defaultConfigurationName = Release;
		};
		9122E8A11E977FD4009EBF74 /* Build configuration list for PBXNativeTarget "MultiMediaPlayer" */ = {
			isa = XCConfigurationList;
			buildConfigurations = (
				9122E8A21E977FD4009EBF74 /* Debug */,
				9122E8A31E977FD4009EBF74 /* Release */,
			);
			defaultConfigurationIsVisible = 0;
			defaultConfigurationName = Release;
		};
/* End XCConfigurationList section */

/* Begin XCVersionGroup section */
		9122E8961E977FD4009EBF74 /* MultiMediaPlayer.xcdatamodeld */ = {
			isa = XCVersionGroup;
			children = (
				9122E8971E977FD4009EBF74 /* MultiMediaPlayer.xcdatamodel */,
			);
			currentVersion = 9122E8971E977FD4009EBF74 /* MultiMediaPlayer.xcdatamodel */;
			path = MultiMediaPlayer.xcdatamodeld;
			sourceTree = "<group>";
			versionGroupType = wrapper.xcdatamodel;
		};
/* End XCVersionGroup section */
	};
	rootObject = 9122E87F1E977FD4009EBF74 /* Project object */;
}
