// !$*UTF8*$!
{
	archiveVersion = 1;
	classes = {
	};
	objectVersion = 46;
	objects = {

/* Begin PBXBuildFile section */
		9122E87B1E977E5B009EBF74 /* play_local@3x.png in Resources */ = {isa = PBXBuildFile; fileRef = 9122E87A1E977E5B009EBF74 /* play_local@3x.png */; };
		9122E87D1E977E99009EBF74 /* play_local@2x.png in Resources */ = {isa = PBXBuildFile; fileRef = 9122E87C1E977E99009EBF74 /* play_local@2x.png */; };
		9127E73D1E93BE4F0005D932 /* main.m in Sources */ = {isa = PBXBuildFile; fileRef = 9127E73C1E93BE4F0005D932 /* main.m */; };
		9127E7401E93BE4F0005D932 /* AppDelegate.m in Sources */ = {isa = PBXBuildFile; fileRef = 9127E73F1E93BE4F0005D932 /* AppDelegate.m */; };
		9127E7481E93BE4F0005D932 /* Assets.xcassets in Resources */ = {isa = PBXBuildFile; fileRef = 9127E7471E93BE4F0005D932 /* Assets.xcassets */; };
		9127E77B1E93C2BD0005D932 /* PlayGuideViewController.m in Sources */ = {isa = PBXBuildFile; fileRef = 9127E77A1E93C2BD0005D932 /* PlayGuideViewController.m */; };
/* End PBXBuildFile section */

/* Begin PBXContainerItemProxy section */
		9127E7521E93BE4F0005D932 /* PBXContainerItemProxy */ = {
			isa = PBXContainerItemProxy;
			containerPortal = 9127E7301E93BE4F0005D932 /* Project object */;
			proxyType = 1;
			remoteGlobalIDString = 9127E7371E93BE4F0005D932;
			remoteInfo = BasicMediaPlayer;
		};
		9127E75D1E93BE4F0005D932 /* PBXContainerItemProxy */ = {
			isa = PBXContainerItemProxy;
			containerPortal = 9127E7301E93BE4F0005D932 /* Project object */;
			proxyType = 1;
			remoteGlobalIDString = 9127E7371E93BE4F0005D932;
			remoteInfo = BasicMediaPlayer;
		};
/* End PBXContainerItemProxy section */

/* Begin PBXFileReference section */
		9122E8741E973C85009EBF74 /* comDef.h */ = {isa = PBXFileReference; lastKnownFileType = sourcecode.c.h; path = comDef.h; sourceTree = "<group>"; };
		9122E87A1E977E5B009EBF74 /* play_local@3x.png */ = {isa = PBXFileReference; lastKnownFileType = image.png; name = "play_local@3x.png"; path = "Assets.xcassets/play_local@3x.png"; sourceTree = "<group>"; };
		9122E87C1E977E99009EBF74 /* play_local@2x.png */ = {isa = PBXFileReference; lastKnownFileType = image.png; name = "play_local@2x.png"; path = "Assets.xcassets/play_local@2x.png"; sourceTree = "<group>"; };
		9127E7381E93BE4F0005D932 /* BasicMediaPlayer.app */ = {isa = PBXFileReference; explicitFileType = wrapper.application; includeInIndex = 0; path = BasicMediaPlayer.app; sourceTree = BUILT_PRODUCTS_DIR; };
		9127E73C1E93BE4F0005D932 /* main.m */ = {isa = PBXFileReference; lastKnownFileType = sourcecode.c.objc; path = main.m; sourceTree = "<group>"; };
		9127E73E1E93BE4F0005D932 /* AppDelegate.h */ = {isa = PBXFileReference; lastKnownFileType = sourcecode.c.h; path = AppDelegate.h; sourceTree = "<group>"; };
		9127E73F1E93BE4F0005D932 /* AppDelegate.m */ = {isa = PBXFileReference; lastKnownFileType = sourcecode.c.objc; path = AppDelegate.m; sourceTree = "<group>"; };
		9127E7471E93BE4F0005D932 /* Assets.xcassets */ = {isa = PBXFileReference; lastKnownFileType = folder.assetcatalog; path = Assets.xcassets; sourceTree = "<group>"; };
		9127E74C1E93BE4F0005D932 /* Info.plist */ = {isa = PBXFileReference; lastKnownFileType = text.plist.xml; path = Info.plist; sourceTree = "<group>"; };
		9127E7511E93BE4F0005D932 /* BasicMediaPlayerTests.xctest */ = {isa = PBXFileReference; explicitFileType = wrapper.cfbundle; includeInIndex = 0; path = BasicMediaPlayerTests.xctest; sourceTree = BUILT_PRODUCTS_DIR; };
		9127E75C1E93BE4F0005D932 /* BasicMediaPlayerUITests.xctest */ = {isa = PBXFileReference; explicitFileType = wrapper.cfbundle; includeInIndex = 0; path = BasicMediaPlayerUITests.xctest; sourceTree = BUILT_PRODUCTS_DIR; };
		9127E7791E93C2BD0005D932 /* PlayGuideViewController.h */ = {isa = PBXFileReference; fileEncoding = 4; lastKnownFileType = sourcecode.c.h; path = PlayGuideViewController.h; sourceTree = "<group>"; };
		9127E77A1E93C2BD0005D932 /* PlayGuideViewController.m */ = {isa = PBXFileReference; fileEncoding = 4; lastKnownFileType = sourcecode.c.objc; path = PlayGuideViewController.m; sourceTree = "<group>"; };
/* End PBXFileReference section */

/* Begin PBXFrameworksBuildPhase section */
		9127E7351E93BE4F0005D932 /* Frameworks */ = {
			isa = PBXFrameworksBuildPhase;
			buildActionMask = 2147483647;
			files = (
			);
			runOnlyForDeploymentPostprocessing = 0;
		};
		9127E74E1E93BE4F0005D932 /* Frameworks */ = {
			isa = PBXFrameworksBuildPhase;
			buildActionMask = 2147483647;
			files = (
			);
			runOnlyForDeploymentPostprocessing = 0;
		};
		9127E7591E93BE4F0005D932 /* Frameworks */ = {
			isa = PBXFrameworksBuildPhase;
			buildActionMask = 2147483647;
			files = (
			);
			runOnlyForDeploymentPostprocessing = 0;
		};
/* End PBXFrameworksBuildPhase section */

/* Begin PBXGroup section */
		9122E8791E973F2C009EBF74 /* Resource */ = {
			isa = PBXGroup;
			children = (
				9122E87C1E977E99009EBF74 /* play_local@2x.png */,
				9122E87A1E977E5B009EBF74 /* play_local@3x.png */,
				9127E7471E93BE4F0005D932 /* Assets.xcassets */,
			);
			name = Resource;
			sourceTree = "<group>";
		};
		9127E72F1E93BE4F0005D932 = {
			isa = PBXGroup;
			children = (
				9127E73A1E93BE4F0005D932 /* BasicMediaPlayer */,
				9127E7391E93BE4F0005D932 /* Products */,
			);
			sourceTree = "<group>";
		};
		9127E7391E93BE4F0005D932 /* Products */ = {
			isa = PBXGroup;
			children = (
				9127E7381E93BE4F0005D932 /* BasicMediaPlayer.app */,
				9127E7511E93BE4F0005D932 /* BasicMediaPlayerTests.xctest */,
				9127E75C1E93BE4F0005D932 /* BasicMediaPlayerUITests.xctest */,
			);
			name = Products;
			sourceTree = "<group>";
		};
		9127E73A1E93BE4F0005D932 /* BasicMediaPlayer */ = {
			isa = PBXGroup;
			children = (
				9127E7751E93C0400005D932 /* PlayGuide */,
				9127E73E1E93BE4F0005D932 /* AppDelegate.h */,
				9127E73F1E93BE4F0005D932 /* AppDelegate.m */,
				9122E8791E973F2C009EBF74 /* Resource */,
				9127E74C1E93BE4F0005D932 /* Info.plist */,
				9127E73B1E93BE4F0005D932 /* Supporting Files */,
			);
			path = BasicMediaPlayer;
			sourceTree = "<group>";
		};
		9127E73B1E93BE4F0005D932 /* Supporting Files */ = {
			isa = PBXGroup;
			children = (
				9127E73C1E93BE4F0005D932 /* main.m */,
				9122E8741E973C85009EBF74 /* comDef.h */,
			);
			name = "Supporting Files";
			sourceTree = "<group>";
		};
		9127E7751E93C0400005D932 /* PlayGuide */ = {
			isa = PBXGroup;
			children = (
				9127E7791E93C2BD0005D932 /* PlayGuideViewController.h */,
				9127E77A1E93C2BD0005D932 /* PlayGuideViewController.m */,
			);
			name = PlayGuide;
			sourceTree = "<group>";
		};
/* End PBXGroup section */

/* Begin PBXNativeTarget section */
		9127E7371E93BE4F0005D932 /* BasicMediaPlayer */ = {
			isa = PBXNativeTarget;
			buildConfigurationList = 9127E7651E93BE4F0005D932 /* Build configuration list for PBXNativeTarget "BasicMediaPlayer" */;
			buildPhases = (
				9127E7341E93BE4F0005D932 /* Sources */,
				9127E7351E93BE4F0005D932 /* Frameworks */,
				9127E7361E93BE4F0005D932 /* Resources */,
			);
			buildRules = (
			);
			dependencies = (
			);
			name = BasicMediaPlayer;
			productName = BasicMediaPlayer;
			productReference = 9127E7381E93BE4F0005D932 /* BasicMediaPlayer.app */;
			productType = "com.apple.product-type.application";
		};
		9127E7501E93BE4F0005D932 /* BasicMediaPlayerTests */ = {
			isa = PBXNativeTarget;
			buildConfigurationList = 9127E7681E93BE4F0005D932 /* Build configuration list for PBXNativeTarget "BasicMediaPlayerTests" */;
			buildPhases = (
				9127E74D1E93BE4F0005D932 /* Sources */,
				9127E74E1E93BE4F0005D932 /* Frameworks */,
				9127E74F1E93BE4F0005D932 /* Resources */,
			);
			buildRules = (
			);
			dependencies = (
				9127E7531E93BE4F0005D932 /* PBXTargetDependency */,
			);
			name = BasicMediaPlayerTests;
			productName = BasicMediaPlayerTests;
			productReference = 9127E7511E93BE4F0005D932 /* BasicMediaPlayerTests.xctest */;
			productType = "com.apple.product-type.bundle.unit-test";
		};
		9127E75B1E93BE4F0005D932 /* BasicMediaPlayerUITests */ = {
			isa = PBXNativeTarget;
			buildConfigurationList = 9127E76B1E93BE4F0005D932 /* Build configuration list for PBXNativeTarget "BasicMediaPlayerUITests" */;
			buildPhases = (
				9127E7581E93BE4F0005D932 /* Sources */,
				9127E7591E93BE4F0005D932 /* Frameworks */,
				9127E75A1E93BE4F0005D932 /* Resources */,
			);
			buildRules = (
			);
			dependencies = (
				9127E75E1E93BE4F0005D932 /* PBXTargetDependency */,
			);
			name = BasicMediaPlayerUITests;
			productName = BasicMediaPlayerUITests;
			productReference = 9127E75C1E93BE4F0005D932 /* BasicMediaPlayerUITests.xctest */;
			productType = "com.apple.product-type.bundle.ui-testing";
		};
/* End PBXNativeTarget section */

/* Begin PBXProject section */
		9127E7301E93BE4F0005D932 /* Project object */ = {
			isa = PBXProject;
			attributes = {
				LastUpgradeCheck = 0820;
				ORGANIZATIONNAME = "Nigel Lee";
				TargetAttributes = {
					9127E7371E93BE4F0005D932 = {
						CreatedOnToolsVersion = 8.2;
						DevelopmentTeam = M6EDV6DS4E;
						ProvisioningStyle = Manual;
					};
					9127E7501E93BE4F0005D932 = {
						CreatedOnToolsVersion = 8.2;
						ProvisioningStyle = Automatic;
						TestTargetID = 9127E7371E93BE4F0005D932;
					};
					9127E75B1E93BE4F0005D932 = {
						CreatedOnToolsVersion = 8.2;
						ProvisioningStyle = Automatic;
						TestTargetID = 9127E7371E93BE4F0005D932;
					};
				};
			};
			buildConfigurationList = 9127E7331E93BE4F0005D932 /* Build configuration list for PBXProject "BasicMediaPlayer" */;
			compatibilityVersion = "Xcode 3.2";
			developmentRegion = English;
			hasScannedForEncodings = 0;
			knownRegions = (
				en,
				Base,
			);
			mainGroup = 9127E72F1E93BE4F0005D932;
			productRefGroup = 9127E7391E93BE4F0005D932 /* Products */;
			projectDirPath = "";
			projectRoot = "";
			targets = (
				9127E7371E93BE4F0005D932 /* BasicMediaPlayer */,
				9127E7501E93BE4F0005D932 /* BasicMediaPlayerTests */,
				9127E75B1E93BE4F0005D932 /* BasicMediaPlayerUITests */,
			);
		};
/* End PBXProject section */

/* Begin PBXResourcesBuildPhase section */
		9127E7361E93BE4F0005D932 /* Resources */ = {
			isa = PBXResourcesBuildPhase;
			buildActionMask = 2147483647;
			files = (
				9127E7481E93BE4F0005D932 /* Assets.xcassets in Resources */,
				9122E87B1E977E5B009EBF74 /* play_local@3x.png in Resources */,
				9122E87D1E977E99009EBF74 /* play_local@2x.png in Resources */,
			);
			runOnlyForDeploymentPostprocessing = 0;
		};
		9127E74F1E93BE4F0005D932 /* Resources */ = {
			isa = PBXResourcesBuildPhase;
			buildActionMask = 2147483647;
			files = (
			);
			runOnlyForDeploymentPostprocessing = 0;
		};
		9127E75A1E93BE4F0005D932 /* Resources */ = {
			isa = PBXResourcesBuildPhase;
			buildActionMask = 2147483647;
			files = (
			);
			runOnlyForDeploymentPostprocessing = 0;
		};
/* End PBXResourcesBuildPhase section */

/* Begin PBXSourcesBuildPhase section */
		9127E7341E93BE4F0005D932 /* Sources */ = {
			isa = PBXSourcesBuildPhase;
			buildActionMask = 2147483647;
			files = (
				9127E77B1E93C2BD0005D932 /* PlayGuideViewController.m in Sources */,
				9127E7401E93BE4F0005D932 /* AppDelegate.m in Sources */,
				9127E73D1E93BE4F0005D932 /* main.m in Sources */,
			);
			runOnlyForDeploymentPostprocessing = 0;
		};
		9127E74D1E93BE4F0005D932 /* Sources */ = {
			isa = PBXSourcesBuildPhase;
			buildActionMask = 2147483647;
			files = (
			);
			runOnlyForDeploymentPostprocessing = 0;
		};
		9127E7581E93BE4F0005D932 /* Sources */ = {
			isa = PBXSourcesBuildPhase;
			buildActionMask = 2147483647;
			files = (
			);
			runOnlyForDeploymentPostprocessing = 0;
		};
/* End PBXSourcesBuildPhase section */

/* Begin PBXTargetDependency section */
		9127E7531E93BE4F0005D932 /* PBXTargetDependency */ = {
			isa = PBXTargetDependency;
			target = 9127E7371E93BE4F0005D932 /* BasicMediaPlayer */;
			targetProxy = 9127E7521E93BE4F0005D932 /* PBXContainerItemProxy */;
		};
		9127E75E1E93BE4F0005D932 /* PBXTargetDependency */ = {
			isa = PBXTargetDependency;
			target = 9127E7371E93BE4F0005D932 /* BasicMediaPlayer */;
			targetProxy = 9127E75D1E93BE4F0005D932 /* PBXContainerItemProxy */;
		};
/* End PBXTargetDependency section */

/* Begin XCBuildConfiguration section */
		9127E7631E93BE4F0005D932 /* Debug */ = {
			isa = XCBuildConfiguration;
			buildSettings = {
				ALWAYS_SEARCH_USER_PATHS = NO;
				CLANG_ANALYZER_NONNULL = YES;
				CLANG_CXX_LANGUAGE_STANDARD = "gnu++0x";
				CLANG_CXX_LIBRARY = "libc++";
				CLANG_ENABLE_MODULES = YES;
				CLANG_ENABLE_OBJC_ARC = YES;
				CLANG_WARN_BOOL_CONVERSION = YES;
				CLANG_WARN_CONSTANT_CONVERSION = YES;
				CLANG_WARN_DIRECT_OBJC_ISA_USAGE = YES_ERROR;
				CLANG_WARN_DOCUMENTATION_COMMENTS = YES;
				CLANG_WARN_EMPTY_BODY = YES;
				CLANG_WARN_ENUM_CONVERSION = YES;
				CLANG_WARN_INFINITE_RECURSION = YES;
				CLANG_WARN_INT_CONVERSION = YES;
				CLANG_WARN_OBJC_ROOT_CLASS = YES_ERROR;
				CLANG_WARN_SUSPICIOUS_MOVE = YES;
				CLANG_WARN_UNREACHABLE_CODE = YES;
				CLANG_WARN__DUPLICATE_METHOD_MATCH = YES;
				"CODE_SIGN_IDENTITY[sdk=iphoneos*]" = "iPhone Developer";
				COPY_PHASE_STRIP = NO;
				DEBUG_INFORMATION_FORMAT = dwarf;
				ENABLE_STRICT_OBJC_MSGSEND = YES;
				ENABLE_TESTABILITY = YES;
				GCC_C_LANGUAGE_STANDARD = gnu99;
				GCC_DYNAMIC_NO_PIC = NO;
				GCC_NO_COMMON_BLOCKS = YES;
				GCC_OPTIMIZATION_LEVEL = 0;
				GCC_PREPROCESSOR_DEFINITIONS = (
					"DEBUG=1",
					"$(inherited)",
				);
				GCC_WARN_64_TO_32_BIT_CONVERSION = YES;
				GCC_WARN_ABOUT_RETURN_TYPE = YES_ERROR;
				GCC_WARN_UNDECLARED_SELECTOR = YES;
				GCC_WARN_UNINITIALIZED_AUTOS = YES_AGGRESSIVE;
				GCC_WARN_UNUSED_FUNCTION = YES;
				GCC_WARN_UNUSED_VARIABLE = YES;
				IPHONEOS_DEPLOYMENT_TARGET = 9.3;
				MTL_ENABLE_DEBUG_INFO = YES;
				ONLY_ACTIVE_ARCH = YES;
				SDKROOT = iphoneos;
				TARGETED_DEVICE_FAMILY = "1,2";
			};
			name = Debug;
		};
		9127E7641E93BE4F0005D932 /* Release */ = {
			isa = XCBuildConfiguration;
			buildSettings = {
				ALWAYS_SEARCH_USER_PATHS = NO;
				CLANG_ANALYZER_NONNULL = YES;
				CLANG_CXX_LANGUAGE_STANDARD = "gnu++0x";
				CLANG_CXX_LIBRARY = "libc++";
				CLANG_ENABLE_MODULES = YES;
				CLANG_ENABLE_OBJC_ARC = YES;
				CLANG_WARN_BOOL_CONVERSION = YES;
				CLANG_WARN_CONSTANT_CONVERSION = YES;
				CLANG_WARN_DIRECT_OBJC_ISA_USAGE = YES_ERROR;
				CLANG_WARN_DOCUMENTATION_COMMENTS = YES;
				CLANG_WARN_EMPTY_BODY = YES;
				CLANG_WARN_ENUM_CONVERSION = YES;
				CLANG_WARN_INFINITE_RECURSION = YES;
				CLANG_WARN_INT_CONVERSION = YES;
				CLANG_WARN_OBJC_ROOT_CLASS = YES_ERROR;
				CLANG_WARN_SUSPICIOUS_MOVE = YES;
				CLANG_WARN_UNREACHABLE_CODE = YES;
				CLANG_WARN__DUPLICATE_METHOD_MATCH = YES;
				"CODE_SIGN_IDENTITY[sdk=iphoneos*]" = "iPhone Developer";
				COPY_PHASE_STRIP = NO;
				DEBUG_INFORMATION_FORMAT = "dwarf-with-dsym";
				ENABLE_NS_ASSERTIONS = NO;
				ENABLE_STRICT_OBJC_MSGSEND = YES;
				GCC_C_LANGUAGE_STANDARD = gnu99;
				GCC_NO_COMMON_BLOCKS = YES;
				GCC_WARN_64_TO_32_BIT_CONVERSION = YES;
				GCC_WARN_ABOUT_RETURN_TYPE = YES_ERROR;
				GCC_WARN_UNDECLARED_SELECTOR = YES;
				GCC_WARN_UNINITIALIZED_AUTOS = YES_AGGRESSIVE;
				GCC_WARN_UNUSED_FUNCTION = YES;
				GCC_WARN_UNUSED_VARIABLE = YES;
				IPHONEOS_DEPLOYMENT_TARGET = 9.3;
				MTL_ENABLE_DEBUG_INFO = NO;
				SDKROOT = iphoneos;
				TARGETED_DEVICE_FAMILY = "1,2";
				VALIDATE_PRODUCT = YES;
			};
			name = Release;
		};
		9127E7661E93BE4F0005D932 /* Debug */ = {
			isa = XCBuildConfiguration;
			buildSettings = {
				ASSETCATALOG_COMPILER_APPICON_NAME = AppIcon;
				DEVELOPMENT_TEAM = M6EDV6DS4E;
				INFOPLIST_FILE = BasicMediaPlayer/Info.plist;
				IPHONEOS_DEPLOYMENT_TARGET = 9.3;
				LD_RUNPATH_SEARCH_PATHS = "$(inherited) @executable_path/Frameworks";
				PRODUCT_BUNDLE_IDENTIFIER = com.cvc.BasicMediaPlayer;
				PRODUCT_NAME = "$(TARGET_NAME)";
				PROVISIONING_PROFILE = "cd2a5075-af21-4053-9960-aff1b7cb03f8";
				PROVISIONING_PROFILE_SPECIFIER = millionaire;
			};
			name = Debug;
		};
		9127E7671E93BE4F0005D932 /* Release */ = {
			isa = XCBuildConfiguration;
			buildSettings = {
				ASSETCATALOG_COMPILER_APPICON_NAME = AppIcon;
				DEVELOPMENT_TEAM = M6EDV6DS4E;
				INFOPLIST_FILE = BasicMediaPlayer/Info.plist;
				IPHONEOS_DEPLOYMENT_TARGET = 9.3;
				LD_RUNPATH_SEARCH_PATHS = "$(inherited) @executable_path/Frameworks";
				PRODUCT_BUNDLE_IDENTIFIER = com.cvc.BasicMediaPlayer;
				PRODUCT_NAME = "$(TARGET_NAME)";
				PROVISIONING_PROFILE = "cd2a5075-af21-4053-9960-aff1b7cb03f8";
				PROVISIONING_PROFILE_SPECIFIER = millionaire;
			};
			name = Release;
		};
		9127E7691E93BE4F0005D932 /* Debug */ = {
			isa = XCBuildConfiguration;
			buildSettings = {
				BUNDLE_LOADER = "$(TEST_HOST)";
				INFOPLIST_FILE = BasicMediaPlayerTests/Info.plist;
				LD_RUNPATH_SEARCH_PATHS = "$(inherited) @executable_path/Frameworks @loader_path/Frameworks";
				PRODUCT_BUNDLE_IDENTIFIER = com.cvc.BasicMediaPlayerTests;
				PRODUCT_NAME = "$(TARGET_NAME)";
				TEST_HOST = "$(BUILT_PRODUCTS_DIR)/BasicMediaPlayer.app/BasicMediaPlayer";
			};
			name = Debug;
		};
		9127E76A1E93BE4F0005D932 /* Release */ = {
			isa = XCBuildConfiguration;
			buildSettings = {
				BUNDLE_LOADER = "$(TEST_HOST)";
				INFOPLIST_FILE = BasicMediaPlayerTests/Info.plist;
				LD_RUNPATH_SEARCH_PATHS = "$(inherited) @executable_path/Frameworks @loader_path/Frameworks";
				PRODUCT_BUNDLE_IDENTIFIER = com.cvc.BasicMediaPlayerTests;
				PRODUCT_NAME = "$(TARGET_NAME)";
				TEST_HOST = "$(BUILT_PRODUCTS_DIR)/BasicMediaPlayer.app/BasicMediaPlayer";
			};
			name = Release;
		};
		9127E76C1E93BE4F0005D932 /* Debug */ = {
			isa = XCBuildConfiguration;
			buildSettings = {
				INFOPLIST_FILE = BasicMediaPlayerUITests/Info.plist;
				LD_RUNPATH_SEARCH_PATHS = "$(inherited) @executable_path/Frameworks @loader_path/Frameworks";
				PRODUCT_BUNDLE_IDENTIFIER = com.cvc.BasicMediaPlayerUITests;
				PRODUCT_NAME = "$(TARGET_NAME)";
				TEST_TARGET_NAME = BasicMediaPlayer;
			};
			name = Debug;
		};
		9127E76D1E93BE4F0005D932 /* Release */ = {
			isa = XCBuildConfiguration;
			buildSettings = {
				INFOPLIST_FILE = BasicMediaPlayerUITests/Info.plist;
				LD_RUNPATH_SEARCH_PATHS = "$(inherited) @executable_path/Frameworks @loader_path/Frameworks";
				PRODUCT_BUNDLE_IDENTIFIER = com.cvc.BasicMediaPlayerUITests;
				PRODUCT_NAME = "$(TARGET_NAME)";
				TEST_TARGET_NAME = BasicMediaPlayer;
			};
			name = Release;
		};
/* End XCBuildConfiguration section */

/* Begin XCConfigurationList section */
		9127E7331E93BE4F0005D932 /* Build configuration list for PBXProject "BasicMediaPlayer" */ = {
			isa = XCConfigurationList;
			buildConfigurations = (
				9127E7631E93BE4F0005D932 /* Debug */,
				9127E7641E93BE4F0005D932 /* Release */,
			);
			defaultConfigurationIsVisible = 0;
			defaultConfigurationName = Release;
		};
		9127E7651E93BE4F0005D932 /* Build configuration list for PBXNativeTarget "BasicMediaPlayer" */ = {
			isa = XCConfigurationList;
			buildConfigurations = (
				9127E7661E93BE4F0005D932 /* Debug */,
				9127E7671E93BE4F0005D932 /* Release */,
			);
			defaultConfigurationIsVisible = 0;
			defaultConfigurationName = Release;
		};
		9127E7681E93BE4F0005D932 /* Build configuration list for PBXNativeTarget "BasicMediaPlayerTests" */ = {
			isa = XCConfigurationList;
			buildConfigurations = (
				9127E7691E93BE4F0005D932 /* Debug */,
				9127E76A1E93BE4F0005D932 /* Release */,
			);
			defaultConfigurationIsVisible = 0;
			defaultConfigurationName = Release;
		};
		9127E76B1E93BE4F0005D932 /* Build configuration list for PBXNativeTarget "BasicMediaPlayerUITests" */ = {
			isa = XCConfigurationList;
			buildConfigurations = (
				9127E76C1E93BE4F0005D932 /* Debug */,
				9127E76D1E93BE4F0005D932 /* Release */,
			);
			defaultConfigurationIsVisible = 0;
			defaultConfigurationName = Release;
		};
/* End XCConfigurationList section */
	};
	rootObject = 9127E7301E93BE4F0005D932 /* Project object */;
}
